{
  "object": {
    "pins": [
      {
        "package": "CSodium",
        "repositoryURL": "https://github.com/OuterCorner/CSodium.git",
        "state": {
          "branch": null,
          "revision": "27a8e6e88219527175518aadb693f7773cb071e5",
          "version": "1.0.1"
        }
      }
    ]
  },
  "version": 1
}
